
Microsoft Visual Studio Solution File, Format Version 12.00
# Visual Studio Version 16
VisualStudioVersion = 16.0.30204.135
MinimumVisualStudioVersion = 10.0.40219.1
Project("{8BC9CEB8-8B4A-11D0-8D11-00A0C91BC942}") = "astc_cs_enc", "astc_cs_enc.vcxproj", "{AB64E407-1AC3-4A3F-AF98-A76C967322F4}"
EndProject
Global
	GlobalSection(SolutionConfigurationPlatforms) = preSolution
		Debug|x64 = Debug|x64
		Debug|x86 = Debug|x86
		Release|x64 = Release|x64
		Release|x86 = Release|x86
	EndGlobalSection
	GlobalSection(ProjectConfigurationPlatforms) = postSolution
		{AB64E407-1AC3-4A3F-AF98-A76C967322F4}.Debug|x64.ActiveCfg = Debug|x64
		{AB64E407-1AC3-4A3F-AF98-A76C967322F4}.Debug|x64.Build.0 = Debug|x64
		{AB64E407-1AC3-4A3F-AF98-A76C967322F4}.Debug|x86.ActiveCfg = Debug|Win32
		{AB64E407-1AC3-4A3F-AF98-A76C967322F4}.Debug|x86.Build.0 = Debug|Win32
		{AB64E407-1AC3-4A3F-AF98-A76C967322F4}.Release|x64.ActiveCfg = Release|x64
		{AB64E407-1AC3-4A3F-AF98-A76C967322F4}.Release|x64.Build.0 = Release|x64
		{AB64E407-1AC3-4A3F-AF98-A76C967322F4}.Release|x86.ActiveCfg = Release|Win32
		{AB64E407-1AC3-4A3F-AF98-A76C967322F4}.Release|x86.Build.0 = Release|Win32
	EndGlobalSection
	GlobalSection(SolutionProperties) = preSolution
		HideSolutionNode = FALSE
	EndGlobalSection
	GlobalSection(ExtensibilityGlobals) = postSolution
		SolutionGuid = {CEB2C946-E3DA-4405-BF38-620D8EFEF09E}
	EndGlobalSection
EndGlobal
